// !$*UTF8*$!
{
	archiveVersion = 1;
	classes = {
	};
	objectVersion = 56;
	objects = {

/* Begin PBXBuildFile section */
		E0B870432B68440E0062C8E5 /* FinnAdBrowserApp.swift in Sources */ = {isa = PBXBuildFile; fileRef = E0B870422B68440E0062C8E5 /* FinnAdBrowserApp.swift */; };
		E0B870472B6844100062C8E5 /* Assets.xcassets in Resources */ = {isa = PBXBuildFile; fileRef = E0B870462B6844100062C8E5 /* Assets.xcassets */; };
		E0B8704A2B6844100062C8E5 /* Preview Assets.xcassets in Resources */ = {isa = PBXBuildFile; fileRef = E0B870492B6844100062C8E5 /* Preview Assets.xcassets */; };
		E0B870542B6844100062C8E5 /* FinnAdBrowserTests.swift in Sources */ = {isa = PBXBuildFile; fileRef = E0B870532B6844100062C8E5 /* FinnAdBrowserTests.swift */; };
		E0B8705E2B6844100062C8E5 /* FinnAdBrowserUITests.swift in Sources */ = {isa = PBXBuildFile; fileRef = E0B8705D2B6844100062C8E5 /* FinnAdBrowserUITests.swift */; };
		E0B870602B6844100062C8E5 /* FinnAdBrowserUITestsLaunchTests.swift in Sources */ = {isa = PBXBuildFile; fileRef = E0B8705F2B6844100062C8E5 /* FinnAdBrowserUITestsLaunchTests.swift */; };
		E0B870712B6862400062C8E5 /* AdDTO.swift in Sources */ = {isa = PBXBuildFile; fileRef = E0B870702B6862400062C8E5 /* AdDTO.swift */; };
		E0B870732B6864510062C8E5 /* NetworkService.swift in Sources */ = {isa = PBXBuildFile; fileRef = E0B870722B6864510062C8E5 /* NetworkService.swift */; };
		E0B870752B6866710062C8E5 /* AdsViewModel.swift in Sources */ = {isa = PBXBuildFile; fileRef = E0B870742B6866710062C8E5 /* AdsViewModel.swift */; };
		E0B870772B6877490062C8E5 /* AdTypesView.swift in Sources */ = {isa = PBXBuildFile; fileRef = E0B870762B6877490062C8E5 /* AdTypesView.swift */; };
		E0B8707C2B69376C0062C8E5 /* ColorExtension.swift in Sources */ = {isa = PBXBuildFile; fileRef = E0B8707B2B69376C0062C8E5 /* ColorExtension.swift */; };
		E0B870802B69636E0062C8E5 /* FavoritesRepository.swift in Sources */ = {isa = PBXBuildFile; fileRef = E0B8707F2B69636E0062C8E5 /* FavoritesRepository.swift */; };
		E0B870822B69910D0062C8E5 /* ImageCache.swift in Sources */ = {isa = PBXBuildFile; fileRef = E0B870812B69910D0062C8E5 /* ImageCache.swift */; };
		E0B870842B69A2930062C8E5 /* AppearanceConfiguration.swift in Sources */ = {isa = PBXBuildFile; fileRef = E0B870832B69A2930062C8E5 /* AppearanceConfiguration.swift */; };
		E0B870862B69BC8D0062C8E5 /* FavoritesView.swift in Sources */ = {isa = PBXBuildFile; fileRef = E0B870852B69BC8D0062C8E5 /* FavoritesView.swift */; };
		E0B870882B69D9BD0062C8E5 /* LaunchView.swift in Sources */ = {isa = PBXBuildFile; fileRef = E0B870872B69D9BD0062C8E5 /* LaunchView.swift */; };
		E0B8708C2B6A606C0062C8E5 /* AdTypeListView.swift in Sources */ = {isa = PBXBuildFile; fileRef = E0B8708B2B6A606C0062C8E5 /* AdTypeListView.swift */; };
/* End PBXBuildFile section */

/* Begin PBXContainerItemProxy section */
		E0B870502B6844100062C8E5 /* PBXContainerItemProxy */ = {
			isa = PBXContainerItemProxy;
			containerPortal = E0B870372B68440E0062C8E5 /* Project object */;
			proxyType = 1;
			remoteGlobalIDString = E0B8703E2B68440E0062C8E5;
			remoteInfo = FinnAdBrowser;
		};
		E0B8705A2B6844100062C8E5 /* PBXContainerItemProxy */ = {
			isa = PBXContainerItemProxy;
			containerPortal = E0B870372B68440E0062C8E5 /* Project object */;
			proxyType = 1;
			remoteGlobalIDString = E0B8703E2B68440E0062C8E5;
			remoteInfo = FinnAdBrowser;
		};
/* End PBXContainerItemProxy section */

/* Begin PBXFileReference section */
		E0B8703F2B68440E0062C8E5 /* FinnAdBrowser.app */ = {isa = PBXFileReference; explicitFileType = wrapper.application; includeInIndex = 0; path = FinnAdBrowser.app; sourceTree = BUILT_PRODUCTS_DIR; };
		E0B870422B68440E0062C8E5 /* FinnAdBrowserApp.swift */ = {isa = PBXFileReference; lastKnownFileType = sourcecode.swift; path = FinnAdBrowserApp.swift; sourceTree = "<group>"; };
		E0B870462B6844100062C8E5 /* Assets.xcassets */ = {isa = PBXFileReference; lastKnownFileType = folder.assetcatalog; path = Assets.xcassets; sourceTree = "<group>"; };
		E0B870492B6844100062C8E5 /* Preview Assets.xcassets */ = {isa = PBXFileReference; lastKnownFileType = folder.assetcatalog; path = "Preview Assets.xcassets"; sourceTree = "<group>"; };
		E0B8704F2B6844100062C8E5 /* FinnAdBrowserTests.xctest */ = {isa = PBXFileReference; explicitFileType = wrapper.cfbundle; includeInIndex = 0; path = FinnAdBrowserTests.xctest; sourceTree = BUILT_PRODUCTS_DIR; };
		E0B870532B6844100062C8E5 /* FinnAdBrowserTests.swift */ = {isa = PBXFileReference; lastKnownFileType = sourcecode.swift; path = FinnAdBrowserTests.swift; sourceTree = "<group>"; };
		E0B870592B6844100062C8E5 /* FinnAdBrowserUITests.xctest */ = {isa = PBXFileReference; explicitFileType = wrapper.cfbundle; includeInIndex = 0; path = FinnAdBrowserUITests.xctest; sourceTree = BUILT_PRODUCTS_DIR; };
		E0B8705D2B6844100062C8E5 /* FinnAdBrowserUITests.swift */ = {isa = PBXFileReference; lastKnownFileType = sourcecode.swift; path = FinnAdBrowserUITests.swift; sourceTree = "<group>"; };
		E0B8705F2B6844100062C8E5 /* FinnAdBrowserUITestsLaunchTests.swift */ = {isa = PBXFileReference; lastKnownFileType = sourcecode.swift; path = FinnAdBrowserUITestsLaunchTests.swift; sourceTree = "<group>"; };
		E0B870702B6862400062C8E5 /* AdDTO.swift */ = {isa = PBXFileReference; lastKnownFileType = sourcecode.swift; path = AdDTO.swift; sourceTree = "<group>"; };
		E0B870722B6864510062C8E5 /* NetworkService.swift */ = {isa = PBXFileReference; lastKnownFileType = sourcecode.swift; path = NetworkService.swift; sourceTree = "<group>"; };
		E0B870742B6866710062C8E5 /* AdsViewModel.swift */ = {isa = PBXFileReference; lastKnownFileType = sourcecode.swift; path = AdsViewModel.swift; sourceTree = "<group>"; };
		E0B870762B6877490062C8E5 /* AdTypesView.swift */ = {isa = PBXFileReference; lastKnownFileType = sourcecode.swift; path = AdTypesView.swift; sourceTree = "<group>"; };
		E0B8707B2B69376C0062C8E5 /* ColorExtension.swift */ = {isa = PBXFileReference; lastKnownFileType = sourcecode.swift; path = ColorExtension.swift; sourceTree = "<group>"; };
		E0B8707F2B69636E0062C8E5 /* FavoritesRepository.swift */ = {isa = PBXFileReference; lastKnownFileType = sourcecode.swift; path = FavoritesRepository.swift; sourceTree = "<group>"; };
		E0B870812B69910D0062C8E5 /* ImageCache.swift */ = {isa = PBXFileReference; lastKnownFileType = sourcecode.swift; path = ImageCache.swift; sourceTree = "<group>"; };
		E0B870832B69A2930062C8E5 /* AppearanceConfiguration.swift */ = {isa = PBXFileReference; lastKnownFileType = sourcecode.swift; path = AppearanceConfiguration.swift; sourceTree = "<group>"; };
		E0B870852B69BC8D0062C8E5 /* FavoritesView.swift */ = {isa = PBXFileReference; lastKnownFileType = sourcecode.swift; path = FavoritesView.swift; sourceTree = "<group>"; };
		E0B870872B69D9BD0062C8E5 /* LaunchView.swift */ = {isa = PBXFileReference; lastKnownFileType = sourcecode.swift; path = LaunchView.swift; sourceTree = "<group>"; };
		E0B8708B2B6A606C0062C8E5 /* AdTypeListView.swift */ = {isa = PBXFileReference; lastKnownFileType = sourcecode.swift; path = AdTypeListView.swift; sourceTree = "<group>"; };
/* End PBXFileReference section */

/* Begin PBXFrameworksBuildPhase section */
		E0B8703C2B68440E0062C8E5 /* Frameworks */ = {
			isa = PBXFrameworksBuildPhase;
			buildActionMask = 2147483647;
			files = (
			);
			runOnlyForDeploymentPostprocessing = 0;
		};
		E0B8704C2B6844100062C8E5 /* Frameworks */ = {
			isa = PBXFrameworksBuildPhase;
			buildActionMask = 2147483647;
			files = (
			);
			runOnlyForDeploymentPostprocessing = 0;
		};
		E0B870562B6844100062C8E5 /* Frameworks */ = {
			isa = PBXFrameworksBuildPhase;
			buildActionMask = 2147483647;
			files = (
			);
			runOnlyForDeploymentPostprocessing = 0;
		};
/* End PBXFrameworksBuildPhase section */

/* Begin PBXGroup section */
		E0B870362B68440E0062C8E5 = {
			isa = PBXGroup;
			children = (
				E0B870412B68440E0062C8E5 /* FinnAdBrowser */,
				E0B870522B6844100062C8E5 /* FinnAdBrowserTests */,
				E0B8705C2B6844100062C8E5 /* FinnAdBrowserUITests */,
				E0B870402B68440E0062C8E5 /* Products */,
			);
			sourceTree = "<group>";
		};
		E0B870402B68440E0062C8E5 /* Products */ = {
			isa = PBXGroup;
			children = (
				E0B8703F2B68440E0062C8E5 /* FinnAdBrowser.app */,
				E0B8704F2B6844100062C8E5 /* FinnAdBrowserTests.xctest */,
				E0B870592B6844100062C8E5 /* FinnAdBrowserUITests.xctest */,
			);
			name = Products;
			sourceTree = "<group>";
		};
		E0B870412B68440E0062C8E5 /* FinnAdBrowser */ = {
			isa = PBXGroup;
			children = (
				E0B8708D2B6A65A40062C8E5 /* Common */,
				E0B8707A2B6937390062C8E5 /* Extensions */,
				E0B8706E2B6861390062C8E5 /* Network */,
				E0B8706D2B6861260062C8E5 /* Model */,
				E0B8706C2B6861190062C8E5 /* Views */,
				E0B8706F2B68617E0062C8E5 /* ViewModels */,
				E0B870422B68440E0062C8E5 /* FinnAdBrowserApp.swift */,
				E0B870462B6844100062C8E5 /* Assets.xcassets */,
				E0B870482B6844100062C8E5 /* Preview Content */,
			);
			path = FinnAdBrowser;
			sourceTree = "<group>";
		};
		E0B870482B6844100062C8E5 /* Preview Content */ = {
			isa = PBXGroup;
			children = (
				E0B870492B6844100062C8E5 /* Preview Assets.xcassets */,
			);
			path = "Preview Content";
			sourceTree = "<group>";
		};
		E0B870522B6844100062C8E5 /* FinnAdBrowserTests */ = {
			isa = PBXGroup;
			children = (
				E0B870532B6844100062C8E5 /* FinnAdBrowserTests.swift */,
			);
			path = FinnAdBrowserTests;
			sourceTree = "<group>";
		};
		E0B8705C2B6844100062C8E5 /* FinnAdBrowserUITests */ = {
			isa = PBXGroup;
			children = (
				E0B8705D2B6844100062C8E5 /* FinnAdBrowserUITests.swift */,
				E0B8705F2B6844100062C8E5 /* FinnAdBrowserUITestsLaunchTests.swift */,
			);
			path = FinnAdBrowserUITests;
			sourceTree = "<group>";
		};
		E0B8706C2B6861190062C8E5 /* Views */ = {
			isa = PBXGroup;
			children = (
				E0B870762B6877490062C8E5 /* AdTypesView.swift */,
				E0B8708B2B6A606C0062C8E5 /* AdTypeListView.swift */,
				E0B870852B69BC8D0062C8E5 /* FavoritesView.swift */,
				E0B870872B69D9BD0062C8E5 /* LaunchView.swift */,
			);
			path = Views;
			sourceTree = "<group>";
		};
		E0B8706D2B6861260062C8E5 /* Model */ = {
			isa = PBXGroup;
			children = (
				E0B870702B6862400062C8E5 /* AdDTO.swift */,
			);
			path = Model;
			sourceTree = "<group>";
		};
		E0B8706E2B6861390062C8E5 /* Network */ = {
			isa = PBXGroup;
			children = (
				E0B8707F2B69636E0062C8E5 /* FavoritesRepository.swift */,
				E0B870722B6864510062C8E5 /* NetworkService.swift */,
			);
			path = Network;
			sourceTree = "<group>";
		};
		E0B8706F2B68617E0062C8E5 /* ViewModels */ = {
			isa = PBXGroup;
			children = (
				E0B870742B6866710062C8E5 /* AdsViewModel.swift */,
			);
			path = ViewModels;
			sourceTree = "<group>";
		};
		E0B8707A2B6937390062C8E5 /* Extensions */ = {
			isa = PBXGroup;
			children = (
				E0B8707B2B69376C0062C8E5 /* ColorExtension.swift */,
			);
			path = Extensions;
			sourceTree = "<group>";
		};
		E0B8708D2B6A65A40062C8E5 /* Common */ = {
			isa = PBXGroup;
			children = (
				E0B870832B69A2930062C8E5 /* AppearanceConfiguration.swift */,
				E0B870812B69910D0062C8E5 /* ImageCache.swift */,
			);
			path = Common;
			sourceTree = "<group>";
		};
/* End PBXGroup section */

/* Begin PBXNativeTarget section */
		E0B8703E2B68440E0062C8E5 /* FinnAdBrowser */ = {
			isa = PBXNativeTarget;
			buildConfigurationList = E0B870632B6844100062C8E5 /* Build configuration list for PBXNativeTarget "FinnAdBrowser" */;
			buildPhases = (
				E0B8703B2B68440E0062C8E5 /* Sources */,
				E0B8703C2B68440E0062C8E5 /* Frameworks */,
				E0B8703D2B68440E0062C8E5 /* Resources */,
			);
			buildRules = (
			);
			dependencies = (
			);
			name = FinnAdBrowser;
			productName = FinnAdBrowser;
			productReference = E0B8703F2B68440E0062C8E5 /* FinnAdBrowser.app */;
			productType = "com.apple.product-type.application";
		};
		E0B8704E2B6844100062C8E5 /* FinnAdBrowserTests */ = {
			isa = PBXNativeTarget;
			buildConfigurationList = E0B870662B6844100062C8E5 /* Build configuration list for PBXNativeTarget "FinnAdBrowserTests" */;
			buildPhases = (
				E0B8704B2B6844100062C8E5 /* Sources */,
				E0B8704C2B6844100062C8E5 /* Frameworks */,
				E0B8704D2B6844100062C8E5 /* Resources */,
			);
			buildRules = (
			);
			dependencies = (
				E0B870512B6844100062C8E5 /* PBXTargetDependency */,
			);
			name = FinnAdBrowserTests;
			productName = FinnAdBrowserTests;
			productReference = E0B8704F2B6844100062C8E5 /* FinnAdBrowserTests.xctest */;
			productType = "com.apple.product-type.bundle.unit-test";
		};
		E0B870582B6844100062C8E5 /* FinnAdBrowserUITests */ = {
			isa = PBXNativeTarget;
			buildConfigurationList = E0B870692B6844100062C8E5 /* Build configuration list for PBXNativeTarget "FinnAdBrowserUITests" */;
			buildPhases = (
				E0B870552B6844100062C8E5 /* Sources */,
				E0B870562B6844100062C8E5 /* Frameworks */,
				E0B870572B6844100062C8E5 /* Resources */,
			);
			buildRules = (
			);
			dependencies = (
				E0B8705B2B6844100062C8E5 /* PBXTargetDependency */,
			);
			name = FinnAdBrowserUITests;
			productName = FinnAdBrowserUITests;
			productReference = E0B870592B6844100062C8E5 /* FinnAdBrowserUITests.xctest */;
			productType = "com.apple.product-type.bundle.ui-testing";
		};
/* End PBXNativeTarget section */

/* Begin PBXProject section */
		E0B870372B68440E0062C8E5 /* Project object */ = {
			isa = PBXProject;
			attributes = {
				BuildIndependentTargetsInParallel = 1;
				LastSwiftUpdateCheck = 1500;
				LastUpgradeCheck = 1500;
				TargetAttributes = {
					E0B8703E2B68440E0062C8E5 = {
						CreatedOnToolsVersion = 15.0;
					};
					E0B8704E2B6844100062C8E5 = {
						CreatedOnToolsVersion = 15.0;
						TestTargetID = E0B8703E2B68440E0062C8E5;
					};
					E0B870582B6844100062C8E5 = {
						CreatedOnToolsVersion = 15.0;
						TestTargetID = E0B8703E2B68440E0062C8E5;
					};
				};
			};
			buildConfigurationList = E0B8703A2B68440E0062C8E5 /* Build configuration list for PBXProject "FinnAdBrowser" */;
			compatibilityVersion = "Xcode 14.0";
			developmentRegion = en;
			hasScannedForEncodings = 0;
			knownRegions = (
				en,
				Base,
			);
			mainGroup = E0B870362B68440E0062C8E5;
			productRefGroup = E0B870402B68440E0062C8E5 /* Products */;
			projectDirPath = "";
			projectRoot = "";
			targets = (
				E0B8703E2B68440E0062C8E5 /* FinnAdBrowser */,
				E0B8704E2B6844100062C8E5 /* FinnAdBrowserTests */,
				E0B870582B6844100062C8E5 /* FinnAdBrowserUITests */,
			);
		};
/* End PBXProject section */

/* Begin PBXResourcesBuildPhase section */
		E0B8703D2B68440E0062C8E5 /* Resources */ = {
			isa = PBXResourcesBuildPhase;
			buildActionMask = 2147483647;
			files = (
				E0B8704A2B6844100062C8E5 /* Preview Assets.xcassets in Resources */,
				E0B870472B6844100062C8E5 /* Assets.xcassets in Resources */,
			);
			runOnlyForDeploymentPostprocessing = 0;
		};
		E0B8704D2B6844100062C8E5 /* Resources */ = {
			isa = PBXResourcesBuildPhase;
			buildActionMask = 2147483647;
			files = (
			);
			runOnlyForDeploymentPostprocessing = 0;
		};
		E0B870572B6844100062C8E5 /* Resources */ = {
			isa = PBXResourcesBuildPhase;
			buildActionMask = 2147483647;
			files = (
			);
			runOnlyForDeploymentPostprocessing = 0;
		};
/* End PBXResourcesBuildPhase section */

/* Begin PBXSourcesBuildPhase section */
		E0B8703B2B68440E0062C8E5 /* Sources */ = {
			isa = PBXSourcesBuildPhase;
			buildActionMask = 2147483647;
			files = (
				E0B870822B69910D0062C8E5 /* ImageCache.swift in Sources */,
				E0B870882B69D9BD0062C8E5 /* LaunchView.swift in Sources */,
				E0B870752B6866710062C8E5 /* AdsViewModel.swift in Sources */,
				E0B8707C2B69376C0062C8E5 /* ColorExtension.swift in Sources */,
				E0B870842B69A2930062C8E5 /* AppearanceConfiguration.swift in Sources */,
				E0B870432B68440E0062C8E5 /* FinnAdBrowserApp.swift in Sources */,
				E0B8708C2B6A606C0062C8E5 /* AdTypeListView.swift in Sources */,
				E0B870732B6864510062C8E5 /* NetworkService.swift in Sources */,
				E0B870862B69BC8D0062C8E5 /* FavoritesView.swift in Sources */,
				E0B870712B6862400062C8E5 /* AdDTO.swift in Sources */,
				E0B870802B69636E0062C8E5 /* FavoritesRepository.swift in Sources */,
				E0B870772B6877490062C8E5 /* AdTypesView.swift in Sources */,
			);
			runOnlyForDeploymentPostprocessing = 0;
		};
		E0B8704B2B6844100062C8E5 /* Sources */ = {
			isa = PBXSourcesBuildPhase;
			buildActionMask = 2147483647;
			files = (
				E0B870542B6844100062C8E5 /* FinnAdBrowserTests.swift in Sources */,
			);
			runOnlyForDeploymentPostprocessing = 0;
		};
		E0B870552B6844100062C8E5 /* Sources */ = {
			isa = PBXSourcesBuildPhase;
			buildActionMask = 2147483647;
			files = (
				E0B8705E2B6844100062C8E5 /* FinnAdBrowserUITests.swift in Sources */,
				E0B870602B6844100062C8E5 /* FinnAdBrowserUITestsLaunchTests.swift in Sources */,
			);
			runOnlyForDeploymentPostprocessing = 0;
		};
/* End PBXSourcesBuildPhase section */

/* Begin PBXTargetDependency section */
		E0B870512B6844100062C8E5 /* PBXTargetDependency */ = {
			isa = PBXTargetDependency;
			target = E0B8703E2B68440E0062C8E5 /* FinnAdBrowser */;
			targetProxy = E0B870502B6844100062C8E5 /* PBXContainerItemProxy */;
		};
		E0B8705B2B6844100062C8E5 /* PBXTargetDependency */ = {
			isa = PBXTargetDependency;
			target = E0B8703E2B68440E0062C8E5 /* FinnAdBrowser */;
			targetProxy = E0B8705A2B6844100062C8E5 /* PBXContainerItemProxy */;
		};
/* End PBXTargetDependency section */

/* Begin XCBuildConfiguration section */
		E0B870612B6844100062C8E5 /* Debug */ = {
			isa = XCBuildConfiguration;
			buildSettings = {
				ALWAYS_SEARCH_USER_PATHS = NO;
				ASSETCATALOG_COMPILER_GENERATE_SWIFT_ASSET_SYMBOL_EXTENSIONS = YES;
				CLANG_ANALYZER_NONNULL = YES;
				CLANG_ANALYZER_NUMBER_OBJECT_CONVERSION = YES_AGGRESSIVE;
				CLANG_CXX_LANGUAGE_STANDARD = "gnu++20";
				CLANG_ENABLE_MODULES = YES;
				CLANG_ENABLE_OBJC_ARC = YES;
				CLANG_ENABLE_OBJC_WEAK = YES;
				CLANG_WARN_BLOCK_CAPTURE_AUTORELEASING = YES;
				CLANG_WARN_BOOL_CONVERSION = YES;
				CLANG_WARN_COMMA = YES;
				CLANG_WARN_CONSTANT_CONVERSION = YES;
				CLANG_WARN_DEPRECATED_OBJC_IMPLEMENTATIONS = YES;
				CLANG_WARN_DIRECT_OBJC_ISA_USAGE = YES_ERROR;
				CLANG_WARN_DOCUMENTATION_COMMENTS = YES;
				CLANG_WARN_EMPTY_BODY = YES;
				CLANG_WARN_ENUM_CONVERSION = YES;
				CLANG_WARN_INFINITE_RECURSION = YES;
				CLANG_WARN_INT_CONVERSION = YES;
				CLANG_WARN_NON_LITERAL_NULL_CONVERSION = YES;
				CLANG_WARN_OBJC_IMPLICIT_RETAIN_SELF = YES;
				CLANG_WARN_OBJC_LITERAL_CONVERSION = YES;
				CLANG_WARN_OBJC_ROOT_CLASS = YES_ERROR;
				CLANG_WARN_QUOTED_INCLUDE_IN_FRAMEWORK_HEADER = YES;
				CLANG_WARN_RANGE_LOOP_ANALYSIS = YES;
				CLANG_WARN_STRICT_PROTOTYPES = YES;
				CLANG_WARN_SUSPICIOUS_MOVE = YES;
				CLANG_WARN_UNGUARDED_AVAILABILITY = YES_AGGRESSIVE;
				CLANG_WARN_UNREACHABLE_CODE = YES;
				CLANG_WARN__DUPLICATE_METHOD_MATCH = YES;
				COPY_PHASE_STRIP = NO;
				DEBUG_INFORMATION_FORMAT = dwarf;
				ENABLE_STRICT_OBJC_MSGSEND = YES;
				ENABLE_TESTABILITY = YES;
				ENABLE_USER_SCRIPT_SANDBOXING = YES;
				GCC_C_LANGUAGE_STANDARD = gnu17;
				GCC_DYNAMIC_NO_PIC = NO;
				GCC_NO_COMMON_BLOCKS = YES;
				GCC_OPTIMIZATION_LEVEL = 0;
				GCC_PREPROCESSOR_DEFINITIONS = (
					"DEBUG=1",
					"$(inherited)",
				);
				GCC_WARN_64_TO_32_BIT_CONVERSION = YES;
				GCC_WARN_ABOUT_RETURN_TYPE = YES_ERROR;
				GCC_WARN_UNDECLARED_SELECTOR = YES;
				GCC_WARN_UNINITIALIZED_AUTOS = YES_AGGRESSIVE;
				GCC_WARN_UNUSED_FUNCTION = YES;
				GCC_WARN_UNUSED_VARIABLE = YES;
				IPHONEOS_DEPLOYMENT_TARGET = 17.0;
				LOCALIZATION_PREFERS_STRING_CATALOGS = YES;
				MTL_ENABLE_DEBUG_INFO = INCLUDE_SOURCE;
				MTL_FAST_MATH = YES;
				ONLY_ACTIVE_ARCH = YES;
				SDKROOT = iphoneos;
				SWIFT_ACTIVE_COMPILATION_CONDITIONS = "DEBUG $(inherited)";
				SWIFT_OPTIMIZATION_LEVEL = "-Onone";
			};
			name = Debug;
		};
		E0B870622B6844100062C8E5 /* Release */ = {
			isa = XCBuildConfiguration;
			buildSettings = {
				ALWAYS_SEARCH_USER_PATHS = NO;
				ASSETCATALOG_COMPILER_GENERATE_SWIFT_ASSET_SYMBOL_EXTENSIONS = YES;
				CLANG_ANALYZER_NONNULL = YES;
				CLANG_ANALYZER_NUMBER_OBJECT_CONVERSION = YES_AGGRESSIVE;
				CLANG_CXX_LANGUAGE_STANDARD = "gnu++20";
				CLANG_ENABLE_MODULES = YES;
				CLANG_ENABLE_OBJC_ARC = YES;
				CLANG_ENABLE_OBJC_WEAK = YES;
				CLANG_WARN_BLOCK_CAPTURE_AUTORELEASING = YES;
				CLANG_WARN_BOOL_CONVERSION = YES;
				CLANG_WARN_COMMA = YES;
				CLANG_WARN_CONSTANT_CONVERSION = YES;
				CLANG_WARN_DEPRECATED_OBJC_IMPLEMENTATIONS = YES;
				CLANG_WARN_DIRECT_OBJC_ISA_USAGE = YES_ERROR;
				CLANG_WARN_DOCUMENTATION_COMMENTS = YES;
				CLANG_WARN_EMPTY_BODY = YES;
				CLANG_WARN_ENUM_CONVERSION = YES;
				CLANG_WARN_INFINITE_RECURSION = YES;
				CLANG_WARN_INT_CONVERSION = YES;
				CLANG_WARN_NON_LITERAL_NULL_CONVERSION = YES;
				CLANG_WARN_OBJC_IMPLICIT_RETAIN_SELF = YES;
				CLANG_WARN_OBJC_LITERAL_CONVERSION = YES;
				CLANG_WARN_OBJC_ROOT_CLASS = YES_ERROR;
				CLANG_WARN_QUOTED_INCLUDE_IN_FRAMEWORK_HEADER = YES;
				CLANG_WARN_RANGE_LOOP_ANALYSIS = YES;
				CLANG_WARN_STRICT_PROTOTYPES = YES;
				CLANG_WARN_SUSPICIOUS_MOVE = YES;
				CLANG_WARN_UNGUARDED_AVAILABILITY = YES_AGGRESSIVE;
				CLANG_WARN_UNREACHABLE_CODE = YES;
				CLANG_WARN__DUPLICATE_METHOD_MATCH = YES;
				COPY_PHASE_STRIP = NO;
				DEBUG_INFORMATION_FORMAT = "dwarf-with-dsym";
				ENABLE_NS_ASSERTIONS = NO;
				ENABLE_STRICT_OBJC_MSGSEND = YES;
				ENABLE_USER_SCRIPT_SANDBOXING = YES;
				GCC_C_LANGUAGE_STANDARD = gnu17;
				GCC_NO_COMMON_BLOCKS = YES;
				GCC_WARN_64_TO_32_BIT_CONVERSION = YES;
				GCC_WARN_ABOUT_RETURN_TYPE = YES_ERROR;
				GCC_WARN_UNDECLARED_SELECTOR = YES;
				GCC_WARN_UNINITIALIZED_AUTOS = YES_AGGRESSIVE;
				GCC_WARN_UNUSED_FUNCTION = YES;
				GCC_WARN_UNUSED_VARIABLE = YES;
				IPHONEOS_DEPLOYMENT_TARGET = 17.0;
				LOCALIZATION_PREFERS_STRING_CATALOGS = YES;
				MTL_ENABLE_DEBUG_INFO = NO;
				MTL_FAST_MATH = YES;
				SDKROOT = iphoneos;
				SWIFT_COMPILATION_MODE = wholemodule;
				VALIDATE_PRODUCT = YES;
			};
			name = Release;
		};
		E0B870642B6844100062C8E5 /* Debug */ = {
			isa = XCBuildConfiguration;
			buildSettings = {
				ASSETCATALOG_COMPILER_APPICON_NAME = AppIcon;
				ASSETCATALOG_COMPILER_GLOBAL_ACCENT_COLOR_NAME = AccentColor;
				CODE_SIGN_STYLE = Automatic;
				CURRENT_PROJECT_VERSION = 1;
				DEVELOPMENT_ASSET_PATHS = "\"FinnAdBrowser/Preview Content\"";
				DEVELOPMENT_TEAM = 8VVJPGFW59;
				ENABLE_PREVIEWS = YES;
				GENERATE_INFOPLIST_FILE = YES;
				INFOPLIST_KEY_UIApplicationSceneManifest_Generation = YES;
				INFOPLIST_KEY_UIApplicationSupportsIndirectInputEvents = YES;
				INFOPLIST_KEY_UILaunchScreen_Generation = YES;
				INFOPLIST_KEY_UISupportedInterfaceOrientations_iPad = "UIInterfaceOrientationPortrait UIInterfaceOrientationPortraitUpsideDown UIInterfaceOrientationLandscapeLeft UIInterfaceOrientationLandscapeRight";
				INFOPLIST_KEY_UISupportedInterfaceOrientations_iPhone = "UIInterfaceOrientationPortrait UIInterfaceOrientationLandscapeLeft UIInterfaceOrientationLandscapeRight";
				LD_RUNPATH_SEARCH_PATHS = (
					"$(inherited)",
					"@executable_path/Frameworks",
				);
				MARKETING_VERSION = 1.0;
				PRODUCT_BUNDLE_IDENTIFIER = com.saskaradosavljevic.FinnAdBrowser;
				PRODUCT_NAME = "$(TARGET_NAME)";
				SWIFT_EMIT_LOC_STRINGS = YES;
				SWIFT_VERSION = 5.0;
				TARGETED_DEVICE_FAMILY = "1,2";
			};
			name = Debug;
		};
		E0B870652B6844100062C8E5 /* Release */ = {
			isa = XCBuildConfiguration;
			buildSettings = {
				ASSETCATALOG_COMPILER_APPICON_NAME = AppIcon;
				ASSETCATALOG_COMPILER_GLOBAL_ACCENT_COLOR_NAME = AccentColor;
				CODE_SIGN_STYLE = Automatic;
				CURRENT_PROJECT_VERSION = 1;
				DEVELOPMENT_ASSET_PATHS = "\"FinnAdBrowser/Preview Content\"";
				DEVELOPMENT_TEAM = 8VVJPGFW59;
				ENABLE_PREVIEWS = YES;
				GENERATE_INFOPLIST_FILE = YES;
				INFOPLIST_KEY_UIApplicationSceneManifest_Generation = YES;
				INFOPLIST_KEY_UIApplicationSupportsIndirectInputEvents = YES;
				INFOPLIST_KEY_UILaunchScreen_Generation = YES;
				INFOPLIST_KEY_UISupportedInterfaceOrientations_iPad = "UIInterfaceOrientationPortrait UIInterfaceOrientationPortraitUpsideDown UIInterfaceOrientationLandscapeLeft UIInterfaceOrientationLandscapeRight";
				INFOPLIST_KEY_UISupportedInterfaceOrientations_iPhone = "UIInterfaceOrientationPortrait UIInterfaceOrientationLandscapeLeft UIInterfaceOrientationLandscapeRight";
				LD_RUNPATH_SEARCH_PATHS = (
					"$(inherited)",
					"@executable_path/Frameworks",
				);
				MARKETING_VERSION = 1.0;
				PRODUCT_BUNDLE_IDENTIFIER = com.saskaradosavljevic.FinnAdBrowser;
				PRODUCT_NAME = "$(TARGET_NAME)";
				SWIFT_EMIT_LOC_STRINGS = YES;
				SWIFT_VERSION = 5.0;
				TARGETED_DEVICE_FAMILY = "1,2";
			};
			name = Release;
		};
		E0B870672B6844100062C8E5 /* Debug */ = {
			isa = XCBuildConfiguration;
			buildSettings = {
				ALWAYS_EMBED_SWIFT_STANDARD_LIBRARIES = YES;
				BUNDLE_LOADER = "$(TEST_HOST)";
				CODE_SIGN_STYLE = Automatic;
				CURRENT_PROJECT_VERSION = 1;
				DEVELOPMENT_TEAM = 8VVJPGFW59;
				GENERATE_INFOPLIST_FILE = YES;
				IPHONEOS_DEPLOYMENT_TARGET = 17.0;
				MARKETING_VERSION = 1.0;
				PRODUCT_BUNDLE_IDENTIFIER = com.saskaradosavljevic.FinnAdBrowserTests;
				PRODUCT_NAME = "$(TARGET_NAME)";
				SWIFT_EMIT_LOC_STRINGS = NO;
				SWIFT_VERSION = 5.0;
				TARGETED_DEVICE_FAMILY = "1,2";
				TEST_HOST = "$(BUILT_PRODUCTS_DIR)/FinnAdBrowser.app/$(BUNDLE_EXECUTABLE_FOLDER_PATH)/FinnAdBrowser";
			};
			name = Debug;
		};
		E0B870682B6844100062C8E5 /* Release */ = {
			isa = XCBuildConfiguration;
			buildSettings = {
				ALWAYS_EMBED_SWIFT_STANDARD_LIBRARIES = YES;
				BUNDLE_LOADER = "$(TEST_HOST)";
				CODE_SIGN_STYLE = Automatic;
				CURRENT_PROJECT_VERSION = 1;
				DEVELOPMENT_TEAM = 8VVJPGFW59;
				GENERATE_INFOPLIST_FILE = YES;
				IPHONEOS_DEPLOYMENT_TARGET = 17.0;
				MARKETING_VERSION = 1.0;
				PRODUCT_BUNDLE_IDENTIFIER = com.saskaradosavljevic.FinnAdBrowserTests;
				PRODUCT_NAME = "$(TARGET_NAME)";
				SWIFT_EMIT_LOC_STRINGS = NO;
				SWIFT_VERSION = 5.0;
				TARGETED_DEVICE_FAMILY = "1,2";
				TEST_HOST = "$(BUILT_PRODUCTS_DIR)/FinnAdBrowser.app/$(BUNDLE_EXECUTABLE_FOLDER_PATH)/FinnAdBrowser";
			};
			name = Release;
		};
		E0B8706A2B6844100062C8E5 /* Debug */ = {
			isa = XCBuildConfiguration;
			buildSettings = {
				ALWAYS_EMBED_SWIFT_STANDARD_LIBRARIES = YES;
				CODE_SIGN_STYLE = Automatic;
				CURRENT_PROJECT_VERSION = 1;
				DEVELOPMENT_TEAM = 8VVJPGFW59;
				GENERATE_INFOPLIST_FILE = YES;
				MARKETING_VERSION = 1.0;
				PRODUCT_BUNDLE_IDENTIFIER = com.saskaradosavljevic.FinnAdBrowserUITests;
				PRODUCT_NAME = "$(TARGET_NAME)";
				SWIFT_EMIT_LOC_STRINGS = NO;
				SWIFT_VERSION = 5.0;
				TARGETED_DEVICE_FAMILY = "1,2";
				TEST_TARGET_NAME = FinnAdBrowser;
			};
			name = Debug;
		};
		E0B8706B2B6844100062C8E5 /* Release */ = {
			isa = XCBuildConfiguration;
			buildSettings = {
				ALWAYS_EMBED_SWIFT_STANDARD_LIBRARIES = YES;
				CODE_SIGN_STYLE = Automatic;
				CURRENT_PROJECT_VERSION = 1;
				DEVELOPMENT_TEAM = 8VVJPGFW59;
				GENERATE_INFOPLIST_FILE = YES;
				MARKETING_VERSION = 1.0;
				PRODUCT_BUNDLE_IDENTIFIER = com.saskaradosavljevic.FinnAdBrowserUITests;
				PRODUCT_NAME = "$(TARGET_NAME)";
				SWIFT_EMIT_LOC_STRINGS = NO;
				SWIFT_VERSION = 5.0;
				TARGETED_DEVICE_FAMILY = "1,2";
				TEST_TARGET_NAME = FinnAdBrowser;
			};
			name = Release;
		};
/* End XCBuildConfiguration section */

/* Begin XCConfigurationList section */
		E0B8703A2B68440E0062C8E5 /* Build configuration list for PBXProject "FinnAdBrowser" */ = {
			isa = XCConfigurationList;
			buildConfigurations = (
				E0B870612B6844100062C8E5 /* Debug */,
				E0B870622B6844100062C8E5 /* Release */,
			);
			defaultConfigurationIsVisible = 0;
			defaultConfigurationName = Release;
		};
		E0B870632B6844100062C8E5 /* Build configuration list for PBXNativeTarget "FinnAdBrowser" */ = {
			isa = XCConfigurationList;
			buildConfigurations = (
				E0B870642B6844100062C8E5 /* Debug */,
				E0B870652B6844100062C8E5 /* Release */,
			);
			defaultConfigurationIsVisible = 0;
			defaultConfigurationName = Release;
		};
		E0B870662B6844100062C8E5 /* Build configuration list for PBXNativeTarget "FinnAdBrowserTests" */ = {
			isa = XCConfigurationList;
			buildConfigurations = (
				E0B870672B6844100062C8E5 /* Debug */,
				E0B870682B6844100062C8E5 /* Release */,
			);
			defaultConfigurationIsVisible = 0;
			defaultConfigurationName = Release;
		};
		E0B870692B6844100062C8E5 /* Build configuration list for PBXNativeTarget "FinnAdBrowserUITests" */ = {
			isa = XCConfigurationList;
			buildConfigurations = (
				E0B8706A2B6844100062C8E5 /* Debug */,
				E0B8706B2B6844100062C8E5 /* Release */,
			);
			defaultConfigurationIsVisible = 0;
			defaultConfigurationName = Release;
		};
/* End XCConfigurationList section */
	};
	rootObject = E0B870372B68440E0062C8E5 /* Project object */;
}
